
Microsoft Visual Studio Solution File, Format Version 12.00
# Visual Studio Version 16
VisualStudioVersion = 16.0.29215.179
MinimumVisualStudioVersion = 10.0.40219.1
Project("{FAE04EC0-301F-11D3-BF4B-00C04F79EFBC}") = "Shop test", "Shop test\Shop test.csproj", "{8ED5B4A9-F418-4D7A-8C19-624353D8E532}"
EndProject
Global
	GlobalSection(SolutionConfigurationPlatforms) = preSolution
		Debug|Any CPU = Debug|Any CPU
		Release|Any CPU = Release|Any CPU
	EndGlobalSection
	GlobalSection(ProjectConfigurationPlatforms) = postSolution
		{8ED5B4A9-F418-4D7A-8C19-624353D8E532}.Debug|Any CPU.ActiveCfg = Debug|Any CPU
		{8ED5B4A9-F418-4D7A-8C19-624353D8E532}.Debug|Any CPU.Build.0 = Debug|Any CPU
		{8ED5B4A9-F418-4D7A-8C19-624353D8E532}.Release|Any CPU.ActiveCfg = Release|Any CPU
		{8ED5B4A9-F418-4D7A-8C19-624353D8E532}.Release|Any CPU.Build.0 = Release|Any CPU
	EndGlobalSection
	GlobalSection(SolutionProperties) = preSolution
		HideSolutionNode = FALSE
	EndGlobalSection
	GlobalSection(ExtensibilityGlobals) = postSolution
		SolutionGuid = {3BACA8A6-0D4A-4BE0-A341-A665ABBA97E1}
	EndGlobalSection
EndGlobal
